
Microsoft Visual Studio Solution File, Format Version 12.00
# Visual Studio Version 17
VisualStudioVersion = 17.9.34728.123
MinimumVisualStudioVersion = 10.0.40219.1
Project("{FAE04EC0-301F-11D3-BF4B-00C04F79EFBC}") = "Presentation", "OSMS\Presentation.csproj", "{B0FCC1C1-F579-47FE-BBB4-D734E381E802}"
EndProject
Global
	GlobalSection(SolutionConfigurationPlatforms) = preSolution
		Debug|Any CPU = Debug|Any CPU
		Release|Any CPU = Release|Any CPU
	EndGlobalSection
	GlobalSection(ProjectConfigurationPlatforms) = postSolution
		{B0FCC1C1-F579-47FE-BBB4-D734E381E802}.Debug|Any CPU.ActiveCfg = Debug|Any CPU
		{B0FCC1C1-F579-47FE-BBB4-D734E381E802}.Debug|Any CPU.Build.0 = Debug|Any CPU
		{B0FCC1C1-F579-47FE-BBB4-D734E381E802}.Release|Any CPU.ActiveCfg = Release|Any CPU
		{B0FCC1C1-F579-47FE-BBB4-D734E381E802}.Release|Any CPU.Build.0 = Release|Any CPU
	EndGlobalSection
	GlobalSection(SolutionProperties) = preSolution
		HideSolutionNode = FALSE
	EndGlobalSection
	GlobalSection(ExtensibilityGlobals) = postSolution
		SolutionGuid = {AEF745C3-B9DF-4634-8309-7E2BA1F8C783}
	EndGlobalSection
EndGlobal
